
Microsoft Visual Studio Solution File, Format Version 12.00
# Visual Studio Version 17
VisualStudioVersion = 17.0.31919.166
MinimumVisualStudioVersion = 10.0.40219.1
Project("{FAE04EC0-301F-11D3-BF4B-00C04F79EFBC}") = "SingletonBehavior", "SingletonBehavior\SingletonBehavior.csproj", "{0401D623-A66D-47C4-873E-C8D39BD778F6}"
EndProject
Global
	GlobalSection(SolutionConfigurationPlatforms) = preSolution
		Debug|Any CPU = Debug|Any CPU
		Release|Any CPU = Release|Any CPU
	EndGlobalSection
	GlobalSection(ProjectConfigurationPlatforms) = postSolution
		{0401D623-A66D-47C4-873E-C8D39BD778F6}.Debug|Any CPU.ActiveCfg = Debug|Any CPU
		{0401D623-A66D-47C4-873E-C8D39BD778F6}.Debug|Any CPU.Build.0 = Debug|Any CPU
		{0401D623-A66D-47C4-873E-C8D39BD778F6}.Release|Any CPU.ActiveCfg = Release|Any CPU
		{0401D623-A66D-47C4-873E-C8D39BD778F6}.Release|Any CPU.Build.0 = Release|Any CPU
	EndGlobalSection
	GlobalSection(SolutionProperties) = preSolution
		HideSolutionNode = FALSE
	EndGlobalSection
	GlobalSection(ExtensibilityGlobals) = postSolution
		SolutionGuid = {A5681956-1E0A-498C-B8DA-264542FF6B83}
	EndGlobalSection
EndGlobal
